
Microsoft Visual Studio Solution File, Format Version 12.00
# Visual Studio Version 16
VisualStudioVersion = 16.0.29728.190
MinimumVisualStudioVersion = 10.0.40219.1
Project("{FAE04EC0-301F-11D3-BF4B-00C04F79EFBC}") = "linq", "linq\linq.csproj", "{037B2533-3D3D-4533-8FD9-BED4799B04FB}"
EndProject
Global
	GlobalSection(SolutionConfigurationPlatforms) = preSolution
		Debug|Any CPU = Debug|Any CPU
		Release|Any CPU = Release|Any CPU
	EndGlobalSection
	GlobalSection(ProjectConfigurationPlatforms) = postSolution
		{037B2533-3D3D-4533-8FD9-BED4799B04FB}.Debug|Any CPU.ActiveCfg = Debug|Any CPU
		{037B2533-3D3D-4533-8FD9-BED4799B04FB}.Debug|Any CPU.Build.0 = Debug|Any CPU
		{037B2533-3D3D-4533-8FD9-BED4799B04FB}.Release|Any CPU.ActiveCfg = Release|Any CPU
		{037B2533-3D3D-4533-8FD9-BED4799B04FB}.Release|Any CPU.Build.0 = Release|Any CPU
	EndGlobalSection
	GlobalSection(SolutionProperties) = preSolution
		HideSolutionNode = FALSE
	EndGlobalSection
	GlobalSection(ExtensibilityGlobals) = postSolution
		SolutionGuid = {509D3071-E87A-46DC-83B6-7F39F95714E3}
	EndGlobalSection
EndGlobal
